version: 1.0
shards:
  ameba:
    github: veelenga/ameba
    version: 0.12.1

  any_hash:
    github: sija/any_hash.cr
    commit: 0b3a1b3690158c547ebae913634c4cb8b9bfba8d

  bitcoin_rpc:
    github: citizen428/bitcoin_rpc
    version: 5.0.0

  bot_list:
    github: z64/bot_list
    commit: 0c58d5e5e693750b0080cf374908ba22cccb79b1

  crometheus:
    gitlab: bigforcegun/crometheus
    commit: 42bec4e2d2ab92d2b3d2dc21ec443aaa9feb7555

  db:
    github: crystal-lang/crystal-db
    version: 0.7.0

  discordcr:
    github: greenbigfrog/discordcr
    commit: 7c2817547deb841548a5383b8f78ed7708622728

  discordcr-middleware:
    github: z64/discordcr-middleware
    commit: 5c0b2ba082839aef76b6f452eacb30a54bdd2675

  mosquito:
    github: robacarp/mosquito
    version: 0.8.0

  pg:
    github: greenbigfrog/crystal-pg
    commit: 764797e80675906c05ca7a0b02c2839f6dbb4522

  pool:
    github: ysbaddaden/pool
    version: 0.2.3

  rate_limiter:
    github: z64/rate_limiter
    commit: e63f0b1d8e17105d7dc8bb875462693caf221499

  raven:
    github: sija/raven.cr
    version: 1.6.0

  redis:
    github: stefanwille/crystal-redis
    version: 2.6.0

  tb:
    github: greenbigfrog/tipbot-common
    commit: 13dd75ad62ba664a3d4f4289275346c788e8a778

  tb-worker:
    github: greenbigfrog/tipbot-worker
    commit: 54c583e112083dc4027bc3eda32b1e74a1e6b01d

