version: 1.0
shards:
  ameba:
    github: veelenga/ameba
    version: 0.11.0

  any_hash:
    github: sija/any_hash.cr
    commit: 1907068cdbfc3ef9759954194472b82f9f19c6e4

  bitcoin_rpc:
    github: citizen428/bitcoin_rpc
    version: 5.0.0

  bot_list:
    github: z64/bot_list
    commit: 0c58d5e5e693750b0080cf374908ba22cccb79b1

  crometheus:
    gitlab: bigforcegun/crometheus
    commit: 42bec4e2d2ab92d2b3d2dc21ec443aaa9feb7555

  db:
    github: crystal-lang/crystal-db
    version: 0.7.0

  discordcr:
    github: greenbigfrog/discordcr
    commit: 9ef2bdce723dc927430aa71b1e5f9aed41b54c23

  discordcr-middleware:
    github: z64/discordcr-middleware
    commit: 5c0b2ba082839aef76b6f452eacb30a54bdd2675

  mosquito:
    github: robacarp/mosquito
    version: 0.5.0

  pg:
    github: greenbigfrog/crystal-pg
    commit: 764797e80675906c05ca7a0b02c2839f6dbb4522

  pool:
    github: ysbaddaden/pool
    version: 0.2.3

  rate_limiter:
    github: z64/rate_limiter
    commit: b9992a7c474f9f863aa34ac677244d6b520cba97

  raven:
    github: sija/raven.cr
    version: 1.5.5

  redis:
    github: stefanwille/crystal-redis
    version: 2.1.1

  tb:
    github: greenbigfrog/tipbot-common
    commit: a24a9438c677551e7ae2fa1774c816b983448f86

  tb-worker:
    github: greenbigfrog/tipbot-worker
    commit: 9884a6d83c4bcb5ef57892ffd70802ddb97685c1

